
Microsoft Visual Studio Solution File, Format Version 12.00
# Visual Studio 15
VisualStudioVersion = 15.0.28307.705
MinimumVisualStudioVersion = 10.0.40219.1
Project("{E24C65DC-7377-472B-9ABA-BC803B73C61A}") = "Yemek_Tarifleri_Sitesi", "Yemek_Tarifleri_Sitesi\", "{8D1B6B53-8F7B-4C1A-A65B-76362685A9F4}"
	ProjectSection(WebsiteProperties) = preProject
		TargetFrameworkMoniker = ".NETFramework,Version%3Dv4.7.1"
		Debug.AspNetCompiler.VirtualPath = "/localhost_57205"
		Debug.AspNetCompiler.PhysicalPath = "Yemek_Tarifleri_Sitesi\"
		Debug.AspNetCompiler.TargetPath = "PrecompiledWeb\localhost_57205\"
		Debug.AspNetCompiler.Updateable = "true"
		Debug.AspNetCompiler.ForceOverwrite = "true"
		Debug.AspNetCompiler.FixedNames = "false"
		Debug.AspNetCompiler.Debug = "True"
		Release.AspNetCompiler.VirtualPath = "/localhost_57205"
		Release.AspNetCompiler.PhysicalPath = "Yemek_Tarifleri_Sitesi\"
		Release.AspNetCompiler.TargetPath = "PrecompiledWeb\localhost_57205\"
		Release.AspNetCompiler.Updateable = "true"
		Release.AspNetCompiler.ForceOverwrite = "true"
		Release.AspNetCompiler.FixedNames = "false"
		Release.AspNetCompiler.Debug = "False"
		VWDPort = "57205"
		SlnRelativePath = "Yemek_Tarifleri_Sitesi\"
		DefaultWebSiteLanguage = "Visual C#"
	EndProjectSection
EndProject
Global
	GlobalSection(SolutionConfigurationPlatforms) = preSolution
		Debug|Any CPU = Debug|Any CPU
		Release|Any CPU = Release|Any CPU
	EndGlobalSection
	GlobalSection(ProjectConfigurationPlatforms) = postSolution
		{8D1B6B53-8F7B-4C1A-A65B-76362685A9F4}.Debug|Any CPU.ActiveCfg = Debug|Any CPU
		{8D1B6B53-8F7B-4C1A-A65B-76362685A9F4}.Debug|Any CPU.Build.0 = Debug|Any CPU
		{8D1B6B53-8F7B-4C1A-A65B-76362685A9F4}.Release|Any CPU.ActiveCfg = Debug|Any CPU
		{8D1B6B53-8F7B-4C1A-A65B-76362685A9F4}.Release|Any CPU.Build.0 = Debug|Any CPU
	EndGlobalSection
	GlobalSection(SolutionProperties) = preSolution
		HideSolutionNode = FALSE
	EndGlobalSection
	GlobalSection(ExtensibilityGlobals) = postSolution
		SolutionGuid = {4F41E04A-DD84-4A03-83E5-DFA4CF885B79}
	EndGlobalSection
EndGlobal
